<?xml version="1.0" encoding="utf-8"?>
<Project ToolsVersion="4.0" xmlns="http://schemas.microsoft.com/developer/msbuild/2003">
  <ItemGroup>
    <Filter Include="Source Files">
      <UniqueIdentifier>{4FC737F1-C7A5-4376-A066-2A32D752A2FF}</UniqueIdentifier>
      <Extensions>cpp;c;cc;cxx;c++;def;odl;idl;hpj;bat;asm;asmx</Extensions>
    </Filter>
    <Filter Include="Header Files">
      <UniqueIdentifier>{93995380-89BD-4b04-88EB-625FBE52EBFB}</UniqueIdentifier>
      <Extensions>h;hh;hpp;hxx;h++;hm;inl;inc;ipp;xsd</Extensions>
    </Filter>
    <Filter Include="Resource Files">
      <UniqueIdentifier>{67DA6AB6-F800-4c08-8B7A-83BB121AAD01}</UniqueIdentifier>
      <Extensions>rc;ico;cur;bmp;dlg;rc2;rct;bin;rgs;gif;jpg;jpeg;jpe;resx;tiff;tif;png;wav;mfcribbon-ms</Extensions>
    </Filter>
    <Filter Include="Source Files\project1">
      <UniqueIdentifier>{35a522ad-df67-44b3-8817-868e85927889}</UniqueIdentifier>
    </Filter>
    <Filter Include="Source Files\project1\header">
      <UniqueIdentifier>{c3558dde-488a-4c0b-8f5a-34a04b759273}</UniqueIdentifier>
    </Filter>
    <Filter Include="Source Files\project1\shader">
      <UniqueIdentifier>{b185514d-9e3d-4392-a95e-654b536168a2}</UniqueIdentifier>
    </Filter>
    <Filter Include="Source Files\project2">
      <UniqueIdentifier>{0a3dde4e-5a24-4ce7-a9b2-4c9708358b96}</UniqueIdentifier>
    </Filter>
  </ItemGroup>
  <ItemGroup>
    <ClCompile Include="glad.c">
      <Filter>Source Files</Filter>
    </ClCompile>
    <ClCompile Include="project1\main.cpp">
      <Filter>Source Files\project1</Filter>
    </ClCompile>
    <ClCompile Include="project2\main.cpp">
      <Filter>Source Files</Filter>
    </ClCompile>
    <ClCompile Include="project1\concreteblockintegrator.h">
      <Filter>Source Files\project1\header</Filter>
    </ClCompile>
  </ItemGroup>
  <ItemGroup>
    <None Include="project1\shader\fragment.shader">
      <Filter>Source Files\project1\shader</Filter>
    </None>
    <None Include="project1\shader\vertex.shader">
      <Filter>Source Files\project1\shader</Filter>
    </None>
    <None Include="project2\shader\fragment.shader" />
    <None Include="project2\shader\vertex.shader" />
  </ItemGroup>
  <ItemGroup>
    <ClInclude Include="project1\particle.h">
      <Filter>Source Files\project1\header</Filter>
    </ClInclude>
    <ClInclude Include="project1\shader.h">
      <Filter>Source Files\project1\header</Filter>
    </ClInclude>
    <ClInclude Include="project1\tetrahedron.h">
      <Filter>Source Files\project1\header</Filter>
    </ClInclude>
    <ClInclude Include="project1\concreteblock.h">
      <Filter>Source Files\project1\header</Filter>
    </ClInclude>
    <ClInclude Include="project1\camera.h">
      <Filter>Source Files\project1\header</Filter>
    </ClInclude>
    <ClInclude Include="project2\camera.h">
      <Filter>Header Files</Filter>
    </ClInclude>
    <ClInclude Include="project2\shader.h">
      <Filter>Header Files</Filter>
    </ClInclude>
    <ClInclude Include="project2\input.h">
      <Filter>Header Files</Filter>
    </ClInclude>
    <ClInclude Include="project2\sph.h">
      <Filter>Header Files</Filter>
    </ClInclude>
    <ClInclude Include="project2\sphintegrator.h">
      <Filter>Header Files</Filter>
    </ClInclude>
    <ClInclude Include="project2\sphparticle.h">
      <Filter>Header Files</Filter>
    </ClInclude>
  </ItemGroup>
</Project>